# THIS IS AN AUTOGENERATED FILE. DO NOT EDIT THIS FILE DIRECTLY.
# yarn lockfile v1


"@antfu/utils@^0.5.2":
  version "0.5.2"
  resolved "https://nynpm.91160.com/@antfu%2futils/-/utils-0.5.2.tgz#8c2d931ff927be0ebe740169874a3d4004ab414b"
  integrity sha512-CQkeV+oJxUazwjlHD0/3ZD08QWKuGQkhnrKo3e6ly5pd48VUpXbb77q0xMU4+vc2CkJnDS02Eq/M9ugyX20XZA==

"@babel/parser@^7.18.4":
  version "7.18.9"
  resolved "https://nynpm.91160.com/@babel%2fparser/-/parser-7.18.9.tgz#f2dde0c682ccc264a9a8595efd030a5cc8fd2539"
  integrity sha512-9uJveS9eY9DJ0t64YbIBZICtJy8a5QrDEVdiLCG97fVLpDTpGX7t8mMSb6OWw6Lrnjqj4O8zwjELX3dhoMgiBg==

"@babel/standalone@^7.18.8":
  version "7.18.9"
  resolved "https://nynpm.91160.com/@babel%2fstandalone/-/standalone-7.18.9.tgz#27d9bccac590df9e2d34b632e5d600f68b3fe581"
  integrity sha512-6E+p5azHMHcMkHzGFnA7Pqhtgfwx1cClwjMqomMHhdFupCLZDDpVQUctRGYE7p7nn7cXJZSI/L9en+tt30AP3w==

"@nodelib/fs.scandir@2.1.5":
  version "2.1.5"
  resolved "https://nynpm.91160.com/@nodelib%2ffs.scandir/-/fs.scandir-2.1.5.tgz#7619c2eb21b25483f6d167548b4cfd5a7488c3d5"
  integrity sha1-dhnC6yGyVIP20WdUi0z9WnSIw9U=
  dependencies:
    "@nodelib/fs.stat" "2.0.5"
    run-parallel "^1.1.9"

"@nodelib/fs.stat@2.0.5", "@nodelib/fs.stat@^2.0.2":
  version "2.0.5"
  resolved "https://nynpm.91160.com/@nodelib%2ffs.stat/-/fs.stat-2.0.5.tgz#5bd262af94e9d25bd1e71b05deed44876a222e8b"
  integrity sha1-W9Jir5Tp0lvR5xsF3u1Eh2oiLos=

"@nodelib/fs.walk@^1.2.3":
  version "1.2.8"
  resolved "https://nynpm.91160.com/@nodelib%2ffs.walk/-/fs.walk-1.2.8.tgz#e95737e8bb6746ddedf69c556953494f196fe69a"
  integrity sha1-6Vc36LtnRt3t9pxVaVNJTxlv5po=
  dependencies:
    "@nodelib/fs.scandir" "2.1.5"
    fastq "^1.6.0"

"@rollup/pluginutils@^4.2.1":
  version "4.2.1"
  resolved "https://nynpm.91160.com/@rollup%2fpluginutils/-/pluginutils-4.2.1.tgz#e6c6c3aba0744edce3fb2074922d3776c0af2a6d"
  integrity sha512-iKnFXr7NkdZAIHiIWE+BX5ULi/ucVFYWD6TbAV+rZctiRTY2PL6tsIKhoIOaoskiWAkgu+VsbXgUVDNLHf+InQ==
  dependencies:
    estree-walker "^2.0.1"
    picomatch "^2.2.2"

"@vitejs/plugin-legacy@^2.0.0":
  version "2.0.0"
  resolved "https://nynpm.91160.com/@vitejs%2fplugin-legacy/-/plugin-legacy-2.0.0.tgz#63e9a919c5b3bd8e43e18cbf497f4c270efdf1b9"
  integrity sha512-cuc45C4BQo2VlOsHZML4fc3MPfSjOEFeezHxr+WWlOOmi+muy1rz2snnFiePtyjVc1CYGTsnxk13cXpzQvMZaw==
  dependencies:
    "@babel/standalone" "^7.18.8"
    core-js "^3.23.4"
    magic-string "^0.26.2"
    regenerator-runtime "^0.13.9"
    systemjs "^6.12.1"

"@vitejs/plugin-vue2@^1.1.2":
  version "1.1.2"
  resolved "https://nynpm.91160.com/@vitejs%2fplugin-vue2/-/plugin-vue2-1.1.2.tgz#891f0acc5a6a2b4886a74cb8d6359d42f19f968a"
  integrity sha512-y6OEA+2UdJ0xrEQHodq20v9r3SpS62IOHrgN92JPLvVpNkhcissu7yvD5PXMzMESyazj0XNWGsc8UQk8+mVrjQ==

"@vue/compiler-sfc@2.7.8":
  version "2.7.8"
  resolved "https://nynpm.91160.com/@vue%2fcompiler-sfc/-/compiler-sfc-2.7.8.tgz#731aadd6beafdb9c72fd8614ce189ac6cee87612"
  integrity sha512-2DK4YWKfgLnW9VDR9gnju1gcYRk3flKj8UNsms7fsRmFcg35slVTZEkqwBtX+wJBXaamFfn6NxSsZh3h12Ix/Q==
  dependencies:
    "@babel/parser" "^7.18.4"
    postcss "^8.4.14"
    source-map "^0.6.1"

acorn@^8.7.1:
  version "8.8.0"
  resolved "https://nynpm.91160.com/acorn/-/acorn-8.8.0.tgz#88c0187620435c7f6015803f5539dae05a9dbea8"
  integrity sha512-QOxyigPVrpZ2GXT+PFyZTl6TtOFc5egxHIP9IlQ+RbupQuX4RkT/Bee4/kQuC02Xkzg84JcT7oLYtDIQxp+v7w==

anymatch@~3.1.2:
  version "3.1.2"
  resolved "https://nynpm.91160.com/anymatch/-/anymatch-3.1.2.tgz#c0557c096af32f106198f4f4e2a383537e378716"
  integrity sha1-wFV8CWrzLxBhmPT04qODU343hxY=
  dependencies:
    normalize-path "^3.0.0"
    picomatch "^2.0.4"

async-validator@~1.8.1:
  version "1.8.5"
  resolved "https://nynpm.91160.com/async-validator/-/async-validator-1.8.5.tgz#dc3e08ec1fd0dddb67e60842f02c0cd1cec6d7f0"
  integrity sha1-3D4I7B/Q3dtn5ghC8CwM0c7G1/A=
  dependencies:
    babel-runtime "6.x"

babel-helper-vue-jsx-merge-props@^2.0.0:
  version "2.0.3"
  resolved "https://nynpm.91160.com/babel-helper-vue-jsx-merge-props/-/babel-helper-vue-jsx-merge-props-2.0.3.tgz#22aebd3b33902328e513293a8e4992b384f9f1b6"
  integrity sha1-Iq69OzOQIyjlEyk6jkmSs4T58bY=

babel-runtime@6.x:
  version "6.26.0"
  resolved "https://nynpm.91160.com/babel-runtime/-/babel-runtime-6.26.0.tgz#965c7058668e82b55d7bfe04ff2337bc8b5647fe"
  integrity sha1-llxwWGaOgrVde/4E/yM3vItWR/4=
  dependencies:
    core-js "^2.4.0"
    regenerator-runtime "^0.11.0"

balanced-match@^1.0.0:
  version "1.0.2"
  resolved "https://nynpm.91160.com/balanced-match/-/balanced-match-1.0.2.tgz#e83e3a7e3f300b34cb9d87f615fa0cbf357690ee"
  integrity sha1-6D46fj8wCzTLnYf2FfoMvzV2kO4=

binary-extensions@^2.0.0:
  version "2.2.0"
  resolved "https://nynpm.91160.com/binary-extensions/-/binary-extensions-2.2.0.tgz#75f502eeaf9ffde42fc98829645be4ea76bd9e2d"
  integrity sha1-dfUC7q+f/eQvyYgpZFvk6na9ni0=

brace-expansion@^2.0.1:
  version "2.0.1"
  resolved "https://nynpm.91160.com/brace-expansion/-/brace-expansion-2.0.1.tgz#1edc459e0f0c548486ecf9fc99f2221364b9a0ae"
  integrity sha1-HtxFng8MVISG7Pn8mfIiE2S5oK4=
  dependencies:
    balanced-match "^1.0.0"

braces@^3.0.2, braces@~3.0.2:
  version "3.0.2"
  resolved "https://nynpm.91160.com/braces/-/braces-3.0.2.tgz#3454e1a462ee8d599e236df336cd9ea4f8afe107"
  integrity sha1-NFThpGLujVmeI23zNs2epPiv4Qc=
  dependencies:
    fill-range "^7.0.1"

chokidar@^3.5.3:
  version "3.5.3"
  resolved "https://nynpm.91160.com/chokidar/-/chokidar-3.5.3.tgz#1cf37c8707b932bd1af1ae22c0432e2acd1903bd"
  integrity sha512-Dr3sfKRP6oTcjf2JmUmFJfeVMvXBdegxB0iVQ5eb2V10uFJUCAS8OByZdVAyVb8xXNz3GjjTgj9kLWsZTqE6kw==
  dependencies:
    anymatch "~3.1.2"
    braces "~3.0.2"
    glob-parent "~5.1.2"
    is-binary-path "~2.1.0"
    is-glob "~4.0.1"
    normalize-path "~3.0.0"
    readdirp "~3.6.0"
  optionalDependencies:
    fsevents "~2.3.2"

core-js@^2.4.0:
  version "2.6.12"
  resolved "https://nynpm.91160.com/core-js/-/core-js-2.6.12.tgz#d9333dfa7b065e347cc5682219d6f690859cc2ec"
  integrity sha1-2TM9+nsGXjR8xWgiGdb2kIWcwuw=

core-js@^3.23.4:
  version "3.24.1"
  resolved "https://nynpm.91160.com/core-js/-/core-js-3.24.1.tgz#cf7724d41724154010a6576b7b57d94c5d66e64f"
  integrity sha512-0QTBSYSUZ6Gq21utGzkfITDylE8jWC9Ne1D2MrhvlsZBI1x39OdDIVbzSqtgMndIy6BlHxBXpMGqzZmnztg2rg==

csstype@^3.1.0:
  version "3.1.0"
  resolved "https://nynpm.91160.com/csstype/-/csstype-3.1.0.tgz#4ddcac3718d787cf9df0d1b7d15033925c8f29f2"
  integrity sha512-uX1KG+x9h5hIJsaKR9xHUeUraxf8IODOwq9JLNPq6BwB04a/xgpq3rcx47l5BZu5zBPlgD342tdke3Hom/nJRA==

debug@^4.3.4:
  version "4.3.4"
  resolved "https://nynpm.91160.com/debug/-/debug-4.3.4.tgz#1319f6579357f2338d3337d2cdd4914bb5dcc865"
  integrity sha512-PRWFHuSU3eDtQJPvnNY7Jcket1j0t5OuOsFzPPzsekD52Zl8qUfFIPEiswXqIvHWGVHOgX+7G/vCNNhehwxfkQ==
  dependencies:
    ms "2.1.2"

deepmerge@^1.2.0:
  version "1.5.2"
  resolved "https://nynpm.91160.com/deepmerge/-/deepmerge-1.5.2.tgz#10499d868844cdad4fee0842df8c7f6f0c95a753"
  integrity sha1-EEmdhohEza1P7ghC34x/bwyVp1M=

element-ui@^2.15.9:
  version "2.15.9"
  resolved "https://nynpm.91160.com/element-ui/-/element-ui-2.15.9.tgz#b03548e007b7ab7496c49a282db92a0fffd7efc7"
  integrity sha512-dx45nQLt4Hn87/Z9eRr3ex6KFZbxlFAwEU3QoW3wA5EsYftvHTyL9Pq7VnXXD7hu1Eiaup2jcs6kp+/VSFmXuA==
  dependencies:
    async-validator "~1.8.1"
    babel-helper-vue-jsx-merge-props "^2.0.0"
    deepmerge "^1.2.0"
    normalize-wheel "^1.0.1"
    resize-observer-polyfill "^1.5.0"
    throttle-debounce "^1.0.1"

esbuild-android-64@0.14.51:
  version "0.14.51"
  resolved "https://nynpm.91160.com/esbuild-android-64/-/esbuild-android-64-0.14.51.tgz#414a087cb0de8db1e347ecca6c8320513de433db"
  integrity sha512-6FOuKTHnC86dtrKDmdSj2CkcKF8PnqkaIXqvgydqfJmqBazCPdw+relrMlhGjkvVdiiGV70rpdnyFmA65ekBCQ==

esbuild-android-arm64@0.14.51:
  version "0.14.51"
  resolved "https://nynpm.91160.com/esbuild-android-arm64/-/esbuild-android-arm64-0.14.51.tgz#55de3bce2aab72bcd2b606da4318ad00fb9c8151"
  integrity sha512-vBtp//5VVkZWmYYvHsqBRCMMi1MzKuMIn5XDScmnykMTu9+TD9v0NMEDqQxvtFToeYmojdo5UCV2vzMQWJcJ4A==

esbuild-darwin-64@0.14.51:
  version "0.14.51"
  resolved "https://nynpm.91160.com/esbuild-darwin-64/-/esbuild-darwin-64-0.14.51.tgz#4259f23ed6b4cea2ec8a28d87b7fb9801f093754"
  integrity sha512-YFmXPIOvuagDcwCejMRtCDjgPfnDu+bNeh5FU2Ryi68ADDVlWEpbtpAbrtf/lvFTWPexbgyKgzppNgsmLPr8PA==

esbuild-darwin-arm64@0.14.51:
  version "0.14.51"
  resolved "https://nynpm.91160.com/esbuild-darwin-arm64/-/esbuild-darwin-arm64-0.14.51.tgz#d77b4366a71d84e530ba019d540b538b295d494a"
  integrity sha512-juYD0QnSKwAMfzwKdIF6YbueXzS6N7y4GXPDeDkApz/1RzlT42mvX9jgNmyOlWKN7YzQAYbcUEJmZJYQGdf2ow==

esbuild-freebsd-64@0.14.51:
  version "0.14.51"
  resolved "https://nynpm.91160.com/esbuild-freebsd-64/-/esbuild-freebsd-64-0.14.51.tgz#27b6587b3639f10519c65e07219d249b01f2ad38"
  integrity sha512-cLEI/aXjb6vo5O2Y8rvVSQ7smgLldwYY5xMxqh/dQGfWO+R1NJOFsiax3IS4Ng300SVp7Gz3czxT6d6qf2cw0g==

esbuild-freebsd-arm64@0.14.51:
  version "0.14.51"
  resolved "https://nynpm.91160.com/esbuild-freebsd-arm64/-/esbuild-freebsd-arm64-0.14.51.tgz#63c435917e566808c71fafddc600aca4d78be1ec"
  integrity sha512-TcWVw/rCL2F+jUgRkgLa3qltd5gzKjIMGhkVybkjk6PJadYInPtgtUBp1/hG+mxyigaT7ib+od1Xb84b+L+1Mg==

esbuild-linux-32@0.14.51:
  version "0.14.51"
  resolved "https://nynpm.91160.com/esbuild-linux-32/-/esbuild-linux-32-0.14.51.tgz#c3da774143a37e7f11559b9369d98f11f997a5d9"
  integrity sha512-RFqpyC5ChyWrjx8Xj2K0EC1aN0A37H6OJfmUXIASEqJoHcntuV3j2Efr9RNmUhMfNE6yEj2VpYuDteZLGDMr0w==

esbuild-linux-64@0.14.51:
  version "0.14.51"
  resolved "https://nynpm.91160.com/esbuild-linux-64/-/esbuild-linux-64-0.14.51.tgz#5d92b67f674e02ae0b4a9de9a757ba482115c4ae"
  integrity sha512-dxjhrqo5i7Rq6DXwz5v+MEHVs9VNFItJmHBe1CxROWNf4miOGoQhqSG8StStbDkQ1Mtobg6ng+4fwByOhoQoeA==

esbuild-linux-arm64@0.14.51:
  version "0.14.51"
  resolved "https://nynpm.91160.com/esbuild-linux-arm64/-/esbuild-linux-arm64-0.14.51.tgz#dac84740516e859d8b14e1ecc478dd5241b10c93"
  integrity sha512-D9rFxGutoqQX3xJPxqd6o+kvYKeIbM0ifW2y0bgKk5HPgQQOo2k9/2Vpto3ybGYaFPCE5qTGtqQta9PoP6ZEzw==

esbuild-linux-arm@0.14.51:
  version "0.14.51"
  resolved "https://nynpm.91160.com/esbuild-linux-arm/-/esbuild-linux-arm-0.14.51.tgz#b3ae7000696cd53ed95b2b458554ff543a60e106"
  integrity sha512-LsJynDxYF6Neg7ZC7748yweCDD+N8ByCv22/7IAZglIEniEkqdF4HCaa49JNDLw1UQGlYuhOB8ZT/MmcSWzcWg==

esbuild-linux-mips64le@0.14.51:
  version "0.14.51"
  resolved "https://nynpm.91160.com/esbuild-linux-mips64le/-/esbuild-linux-mips64le-0.14.51.tgz#dad10770fac94efa092b5a0643821c955a9dd385"
  integrity sha512-vS54wQjy4IinLSlb5EIlLoln8buh1yDgliP4CuEHumrPk4PvvP4kTRIG4SzMXm6t19N0rIfT4bNdAxzJLg2k6A==

esbuild-linux-ppc64le@0.14.51:
  version "0.14.51"
  resolved "https://nynpm.91160.com/esbuild-linux-ppc64le/-/esbuild-linux-ppc64le-0.14.51.tgz#b68c2f8294d012a16a88073d67e976edd4850ae0"
  integrity sha512-xcdd62Y3VfGoyphNP/aIV9LP+RzFw5M5Z7ja+zdpQHHvokJM7d0rlDRMN+iSSwvUymQkqZO+G/xjb4/75du8BQ==

esbuild-linux-riscv64@0.14.51:
  version "0.14.51"
  resolved "https://nynpm.91160.com/esbuild-linux-riscv64/-/esbuild-linux-riscv64-0.14.51.tgz#608a318b8697123e44c1e185cdf6708e3df50b93"
  integrity sha512-syXHGak9wkAnFz0gMmRBoy44JV0rp4kVCEA36P5MCeZcxFq8+fllBC2t6sKI23w3qd8Vwo9pTADCgjTSf3L3rA==

esbuild-linux-s390x@0.14.51:
  version "0.14.51"
  resolved "https://nynpm.91160.com/esbuild-linux-s390x/-/esbuild-linux-s390x-0.14.51.tgz#c9e7791170a3295dba79b93aa452beb9838a8625"
  integrity sha512-kFAJY3dv+Wq8o28K/C7xkZk/X34rgTwhknSsElIqoEo8armCOjMJ6NsMxm48KaWY2h2RUYGtQmr+RGuUPKBhyw==

esbuild-netbsd-64@0.14.51:
  version "0.14.51"
  resolved "https://nynpm.91160.com/esbuild-netbsd-64/-/esbuild-netbsd-64-0.14.51.tgz#0abd40b8c2e37fda6f5cc41a04cb2b690823d891"
  integrity sha512-ZZBI7qrR1FevdPBVHz/1GSk1x5GDL/iy42Zy8+neEm/HA7ma+hH/bwPEjeHXKWUDvM36CZpSL/fn1/y9/Hb+1A==

esbuild-openbsd-64@0.14.51:
  version "0.14.51"
  resolved "https://nynpm.91160.com/esbuild-openbsd-64/-/esbuild-openbsd-64-0.14.51.tgz#4adba0b7ea7eb1428bb00d8e94c199a949b130e8"
  integrity sha512-7R1/p39M+LSVQVgDVlcY1KKm6kFKjERSX1lipMG51NPcspJD1tmiZSmmBXoY5jhHIu6JL1QkFDTx94gMYK6vfA==

esbuild-sunos-64@0.14.51:
  version "0.14.51"
  resolved "https://nynpm.91160.com/esbuild-sunos-64/-/esbuild-sunos-64-0.14.51.tgz#4b8a6d97dfedda30a6e39607393c5c90ebf63891"
  integrity sha512-HoHaCswHxLEYN8eBTtyO0bFEWvA3Kdb++hSQ/lLG7TyKF69TeSG0RNoBRAs45x/oCeWaTDntEZlYwAfQlhEtJA==

esbuild-windows-32@0.14.51:
  version "0.14.51"
  resolved "https://nynpm.91160.com/esbuild-windows-32/-/esbuild-windows-32-0.14.51.tgz#d31d8ca0c1d314fb1edea163685a423b62e9ac17"
  integrity sha512-4rtwSAM35A07CBt1/X8RWieDj3ZUHQqUOaEo5ZBs69rt5WAFjP4aqCIobdqOy4FdhYw1yF8Z0xFBTyc9lgPtEg==

esbuild-windows-64@0.14.51:
  version "0.14.51"
  resolved "https://nynpm.91160.com/esbuild-windows-64/-/esbuild-windows-64-0.14.51.tgz#7d3c09c8652d222925625637bdc7e6c223e0085d"
  integrity sha512-HoN/5HGRXJpWODprGCgKbdMvrC3A2gqvzewu2eECRw2sYxOUoh2TV1tS+G7bHNapPGI79woQJGV6pFH7GH7qnA==

esbuild-windows-arm64@0.14.51:
  version "0.14.51"
  resolved "https://nynpm.91160.com/esbuild-windows-arm64/-/esbuild-windows-arm64-0.14.51.tgz#0220d2304bfdc11bc27e19b2aaf56edf183e4ae9"
  integrity sha512-JQDqPjuOH7o+BsKMSddMfmVJXrnYZxXDHsoLHc0xgmAZkOOCflRmC43q31pk79F9xuyWY45jDBPolb5ZgGOf9g==

esbuild@^0.14.47:
  version "0.14.51"
  resolved "https://nynpm.91160.com/esbuild/-/esbuild-0.14.51.tgz#1c8ecbc8db3710da03776211dc3ee3448f7aa51e"
  integrity sha512-+CvnDitD7Q5sT7F+FM65sWkF8wJRf+j9fPcprxYV4j+ohmzVj2W7caUqH2s5kCaCJAfcAICjSlKhDCcvDpU7nw==
  optionalDependencies:
    esbuild-android-64 "0.14.51"
    esbuild-android-arm64 "0.14.51"
    esbuild-darwin-64 "0.14.51"
    esbuild-darwin-arm64 "0.14.51"
    esbuild-freebsd-64 "0.14.51"
    esbuild-freebsd-arm64 "0.14.51"
    esbuild-linux-32 "0.14.51"
    esbuild-linux-64 "0.14.51"
    esbuild-linux-arm "0.14.51"
    esbuild-linux-arm64 "0.14.51"
    esbuild-linux-mips64le "0.14.51"
    esbuild-linux-ppc64le "0.14.51"
    esbuild-linux-riscv64 "0.14.51"
    esbuild-linux-s390x "0.14.51"
    esbuild-netbsd-64 "0.14.51"
    esbuild-openbsd-64 "0.14.51"
    esbuild-sunos-64 "0.14.51"
    esbuild-windows-32 "0.14.51"
    esbuild-windows-64 "0.14.51"
    esbuild-windows-arm64 "0.14.51"

estree-walker@^2.0.1:
  version "2.0.2"
  resolved "https://nynpm.91160.com/estree-walker/-/estree-walker-2.0.2.tgz#52f010178c2a4c117a7757cfe942adb7d2da4cac"
  integrity sha1-UvAQF4wqTBF6d1fP6UKtt9LaTKw=

fast-glob@^3.2.11:
  version "3.2.11"
  resolved "https://nynpm.91160.com/fast-glob/-/fast-glob-3.2.11.tgz#a1172ad95ceb8a16e20caa5c5e56480e5129c1d9"
  integrity sha512-xrO3+1bxSo3ZVHAnqzyuewYT6aMFHRAd4Kcs92MAonjwQZLsK9d0SF1IyQ3k5PoirxTW0Oe/RqFgMQ6TcNE5Ew==
  dependencies:
    "@nodelib/fs.stat" "^2.0.2"
    "@nodelib/fs.walk" "^1.2.3"
    glob-parent "^5.1.2"
    merge2 "^1.3.0"
    micromatch "^4.0.4"

fastq@^1.6.0:
  version "1.13.0"
  resolved "https://nynpm.91160.com/fastq/-/fastq-1.13.0.tgz#616760f88a7526bdfc596b7cab8c18938c36b98c"
  integrity sha1-YWdg+Ip1Jr38WWt8q4wYk4w2uYw=
  dependencies:
    reusify "^1.0.4"

fill-range@^7.0.1:
  version "7.0.1"
  resolved "https://nynpm.91160.com/fill-range/-/fill-range-7.0.1.tgz#1919a6a7c75fe38b2c7c77e5198535da9acdda40"
  integrity sha1-GRmmp8df44ssfHflGYU12prN2kA=
  dependencies:
    to-regex-range "^5.0.1"

fsevents@~2.3.2:
  version "2.3.2"
  resolved "https://nynpm.91160.com/fsevents/-/fsevents-2.3.2.tgz#8a526f78b8fdf4623b709e0b975c52c24c02fd1a"
  integrity sha512-xiqMQR4xAeHTuB9uWm+fFRcIOgKBMiOBP+eXiyT7jsgVCq1bkVygt00oASowB7EdtpOHaaPgKt812P9ab+DDKA==

function-bind@^1.1.1:
  version "1.1.1"
  resolved "https://nynpm.91160.com/function-bind/-/function-bind-1.1.1.tgz#a56899d3ea3c9bab874bb9773b7c5ede92f4895d"
  integrity sha1-pWiZ0+o8m6uHS7l3O3xe3pL0iV0=

glob-parent@^5.1.2, glob-parent@~5.1.2:
  version "5.1.2"
  resolved "https://nynpm.91160.com/glob-parent/-/glob-parent-5.1.2.tgz#869832c58034fe68a4093c17dc15e8340d8401c4"
  integrity sha1-hpgyxYA0/mikCTwX3BXoNA2EAcQ=
  dependencies:
    is-glob "^4.0.1"

has@^1.0.3:
  version "1.0.3"
  resolved "https://nynpm.91160.com/has/-/has-1.0.3.tgz#722d7cbfc1f6aa8241f16dd814e011e1f41e8796"
  integrity sha1-ci18v8H2qoJB8W3YFOAR4fQeh5Y=
  dependencies:
    function-bind "^1.1.1"

is-binary-path@~2.1.0:
  version "2.1.0"
  resolved "https://nynpm.91160.com/is-binary-path/-/is-binary-path-2.1.0.tgz#ea1f7f3b80f064236e83470f86c09c254fb45b09"
  integrity sha1-6h9/O4DwZCNug0cPhsCcJU+0Wwk=
  dependencies:
    binary-extensions "^2.0.0"

is-core-module@^2.9.0:
  version "2.9.0"
  resolved "https://nynpm.91160.com/is-core-module/-/is-core-module-2.9.0.tgz#e1c34429cd51c6dd9e09e0799e396e27b19a9c69"
  integrity sha512-+5FPy5PnwmO3lvfMb0AsoPaBG+5KHUI0wYFXOtYPnVVVspTFUuMZNfNaNVRt3FZadstu2c8x23vykRW/NBoU6A==
  dependencies:
    has "^1.0.3"

is-extglob@^2.1.1:
  version "2.1.1"
  resolved "https://nynpm.91160.com/is-extglob/-/is-extglob-2.1.1.tgz#a88c02535791f02ed37c76a1b9ea9773c833f8c2"
  integrity sha1-qIwCU1eR8C7TfHahueqXc8gz+MI=

is-glob@^4.0.1, is-glob@~4.0.1:
  version "4.0.3"
  resolved "https://nynpm.91160.com/is-glob/-/is-glob-4.0.3.tgz#64f61e42cbbb2eec2071a9dac0b28ba1e65d5084"
  integrity sha1-ZPYeQsu7LuwgcanawLKLoeZdUIQ=
  dependencies:
    is-extglob "^2.1.1"

is-number@^7.0.0:
  version "7.0.0"
  resolved "https://nynpm.91160.com/is-number/-/is-number-7.0.0.tgz#7535345b896734d5f80c4d06c50955527a14f12b"
  integrity sha1-dTU0W4lnNNX4DE0GxQlVUnoU8Ss=

local-pkg@^0.4.2:
  version "0.4.2"
  resolved "https://nynpm.91160.com/local-pkg/-/local-pkg-0.4.2.tgz#13107310b77e74a0e513147a131a2ba288176c2f"
  integrity sha512-mlERgSPrbxU3BP4qBqAvvwlgW4MTg78iwJdGGnv7kibKjWcJksrG3t6LB5lXI93wXRDvG4NpUgJFmTG4T6rdrg==

magic-string@^0.26.2:
  version "0.26.2"
  resolved "https://nynpm.91160.com/magic-string/-/magic-string-0.26.2.tgz#5331700e4158cd6befda738bb6b0c7b93c0d4432"
  integrity sha512-NzzlXpclt5zAbmo6h6jNc8zl2gNRGHvmsZW4IvZhTC4W7k4OlLP+S5YLussa/r3ixNT66KOQfNORlXHSOy/X4A==
  dependencies:
    sourcemap-codec "^1.4.8"

merge2@^1.3.0:
  version "1.4.1"
  resolved "https://nynpm.91160.com/merge2/-/merge2-1.4.1.tgz#4368892f885e907455a6fd7dc55c0c9d404990ae"
  integrity sha1-Q2iJL4hekHRVpv19xVwMnUBJkK4=

micromatch@^4.0.4:
  version "4.0.5"
  resolved "https://nynpm.91160.com/micromatch/-/micromatch-4.0.5.tgz#bc8999a7cbbf77cdc89f132f6e467051b49090c6"
  integrity sha512-DMy+ERcEW2q8Z2Po+WNXuw3c5YaUSFjAO5GsJqfEl7UjvtIuFKO6ZrKvcItdy98dwFI2N1tg3zNIdKaQT+aNdA==
  dependencies:
    braces "^3.0.2"
    picomatch "^2.3.1"

minimatch@^5.1.0:
  version "5.1.0"
  resolved "https://nynpm.91160.com/minimatch/-/minimatch-5.1.0.tgz#1717b464f4971b144f6aabe8f2d0b8e4511e09c7"
  integrity sha512-9TPBGGak4nHfGZsPBohm9AWg6NoT7QTCehS3BIJABslyZbzxfV78QM2Y6+i741OPZIafFAaiiEMh5OyIrJPgtg==
  dependencies:
    brace-expansion "^2.0.1"

ms@2.1.2:
  version "2.1.2"
  resolved "https://nynpm.91160.com/ms/-/ms-2.1.2.tgz#d09d1f357b443f493382a8eb3ccd183872ae6009"
  integrity sha1-0J0fNXtEP0kzgqjrPM0YOHKuYAk=

nanoid@^3.3.4:
  version "3.3.4"
  resolved "https://nynpm.91160.com/nanoid/-/nanoid-3.3.4.tgz#730b67e3cd09e2deacf03c027c81c9d9dbc5e8ab"
  integrity sha512-MqBkQh/OHTS2egovRtLk45wEyNXwF+cokD+1YPf9u5VfJiRdAiRwB2froX5Co9Rh20xs4siNPm8naNotSD6RBw==

normalize-path@^3.0.0, normalize-path@~3.0.0:
  version "3.0.0"
  resolved "https://nynpm.91160.com/normalize-path/-/normalize-path-3.0.0.tgz#0dcd69ff23a1c9b11fd0978316644a0388216a65"
  integrity sha1-Dc1p/yOhybEf0JeDFmRKA4ghamU=

normalize-wheel@^1.0.1:
  version "1.0.1"
  resolved "https://nynpm.91160.com/normalize-wheel/-/normalize-wheel-1.0.1.tgz#aec886affdb045070d856447df62ecf86146ec45"
  integrity sha1-rsiGr/2wRQcNhWRH32Ls+GFG7EU=

path-parse@^1.0.7:
  version "1.0.7"
  resolved "https://nynpm.91160.com/path-parse/-/path-parse-1.0.7.tgz#fbc114b60ca42b30d9daf5858e4bd68bbedb6735"
  integrity sha1-+8EUtgykKzDZ2vWFjkvWi77bZzU=

picocolors@^1.0.0:
  version "1.0.0"
  resolved "https://nynpm.91160.com/picocolors/-/picocolors-1.0.0.tgz#cb5bdc74ff3f51892236eaf79d68bc44564ab81c"
  integrity sha1-y1vcdP8/UYkiNur3nWi8RFZKuBw=

picomatch@^2.0.4, picomatch@^2.2.1, picomatch@^2.2.2, picomatch@^2.3.1:
  version "2.3.1"
  resolved "https://nynpm.91160.com/picomatch/-/picomatch-2.3.1.tgz#3ba3833733646d9d3e4995946c1365a67fb07a42"
  integrity sha512-JU3teHTNjmE2VCGFzuY8EXzCDVwEqB2a8fsIvwaStHhAWJEeVd1o1QD80CU6+ZdEXXSLbSsuLwJjkCBWqRQUVA==

postcss@^8.4.14:
  version "8.4.14"
  resolved "https://nynpm.91160.com/postcss/-/postcss-8.4.14.tgz#ee9274d5622b4858c1007a74d76e42e56fd21caf"
  integrity sha512-E398TUmfAYFPBSdzgeieK2Y1+1cpdxJx8yXbK/m57nRhKSmk1GB2tO4lbLBtlkfPQTDKfe4Xqv1ASWPpayPEig==
  dependencies:
    nanoid "^3.3.4"
    picocolors "^1.0.0"
    source-map-js "^1.0.2"

queue-microtask@^1.2.2:
  version "1.2.3"
  resolved "https://nynpm.91160.com/queue-microtask/-/queue-microtask-1.2.3.tgz#4929228bbc724dfac43e0efb058caf7b6cfb6243"
  integrity sha1-SSkii7xyTfrEPg77BYyve2z7YkM=

readdirp@~3.6.0:
  version "3.6.0"
  resolved "https://nynpm.91160.com/readdirp/-/readdirp-3.6.0.tgz#74a370bd857116e245b29cc97340cd431a02a6c7"
  integrity sha1-dKNwvYVxFuJFspzJc0DNQxoCpsc=
  dependencies:
    picomatch "^2.2.1"

regenerator-runtime@^0.11.0:
  version "0.11.1"
  resolved "https://nynpm.91160.com/regenerator-runtime/-/regenerator-runtime-0.11.1.tgz#be05ad7f9bf7d22e056f9726cee5017fbf19e2e9"
  integrity sha1-vgWtf5v30i4Fb5cmzuUBf78Z4uk=

regenerator-runtime@^0.13.9:
  version "0.13.9"
  resolved "https://nynpm.91160.com/regenerator-runtime/-/regenerator-runtime-0.13.9.tgz#8925742a98ffd90814988d7566ad30ca3b263b52"
  integrity sha1-iSV0Kpj/2QgUmI11Zq0wyjsmO1I=

resize-observer-polyfill@^1.5.0:
  version "1.5.1"
  resolved "https://nynpm.91160.com/resize-observer-polyfill/-/resize-observer-polyfill-1.5.1.tgz#0e9020dd3d21024458d4ebd27e23e40269810464"
  integrity sha1-DpAg3T0hAkRY1OvSfiPkAmmBBGQ=

resolve@^1.22.1:
  version "1.22.1"
  resolved "https://nynpm.91160.com/resolve/-/resolve-1.22.1.tgz#27cb2ebb53f91abb49470a928bba7558066ac177"
  integrity sha512-nBpuuYuY5jFsli/JIs1oldw6fOQCBioohqWZg/2hiaOybXOft4lonv85uDOKXdf8rhyK159cxU5cDcK/NKk8zw==
  dependencies:
    is-core-module "^2.9.0"
    path-parse "^1.0.7"
    supports-preserve-symlinks-flag "^1.0.0"

reusify@^1.0.4:
  version "1.0.4"
  resolved "https://nynpm.91160.com/reusify/-/reusify-1.0.4.tgz#90da382b1e126efc02146e90845a88db12925d76"
  integrity sha1-kNo4Kx4SbvwCFG6QhFqI2xKSXXY=

rollup@^2.75.6:
  version "2.77.2"
  resolved "https://nynpm.91160.com/rollup/-/rollup-2.77.2.tgz#6b6075c55f9cc2040a5912e6e062151e42e2c4e3"
  integrity sha512-m/4YzYgLcpMQbxX3NmAqDvwLATZzxt8bIegO78FZLl+lAgKJBd1DRAOeEiZcKOIOPjxE6ewHWHNgGEalFXuz1g==
  optionalDependencies:
    fsevents "~2.3.2"

run-parallel@^1.1.9:
  version "1.2.0"
  resolved "https://nynpm.91160.com/run-parallel/-/run-parallel-1.2.0.tgz#66d1368da7bdf921eb9d95bd1a9229e7f21a43ee"
  integrity sha1-ZtE2jae9+SHrnZW9GpIp5/IaQ+4=
  dependencies:
    queue-microtask "^1.2.2"

source-map-js@^1.0.2:
  version "1.0.2"
  resolved "https://nynpm.91160.com/source-map-js/-/source-map-js-1.0.2.tgz#adbc361d9c62df380125e7f161f71c826f1e490c"
  integrity sha512-R0XvVJ9WusLiqTCEiGCmICCMplcCkIwwR11mOSD9CR5u+IXYdiseeEuXCVAjS54zqwkLcPNnmU4OeJ6tUrWhDw==

source-map@^0.6.1:
  version "0.6.1"
  resolved "https://nynpm.91160.com/source-map/-/source-map-0.6.1.tgz#74722af32e9614e9c287a8d0bbde48b5e2f1a263"
  integrity sha1-dHIq8y6WFOnCh6jQu95IteLxomM=

sourcemap-codec@^1.4.8:
  version "1.4.8"
  resolved "https://nynpm.91160.com/sourcemap-codec/-/sourcemap-codec-1.4.8.tgz#ea804bd94857402e6992d05a38ef1ae35a9ab4c4"
  integrity sha1-6oBL2UhXQC5pktBaOO8a41qatMQ=

supports-preserve-symlinks-flag@^1.0.0:
  version "1.0.0"
  resolved "https://nynpm.91160.com/supports-preserve-symlinks-flag/-/supports-preserve-symlinks-flag-1.0.0.tgz#6eda4bd344a3c94aea376d4cc31bc77311039e09"
  integrity sha512-ot0WnXS9fgdkgIcePe6RHNk1WA8+muPa6cSjeR3V8K27q9BB1rTE3R1p7Hv0z1ZyAc8s6Vvv8DIyWf681MAt0w==

systemjs@^6.12.1:
  version "6.12.1"
  resolved "https://nynpm.91160.com/systemjs/-/systemjs-6.12.1.tgz#47cdd23a6ec9f1b01cf5b5f70562c8550da229d3"
  integrity sha512-hqTN6kW+pN6/qro6G9OZ7ceDQOcYno020zBQKpZQLsJhYTDMCMNfXi/Y8duF5iW+4WWZr42ry0MMkcRGpbwG2A==

throttle-debounce@^1.0.1:
  version "1.1.0"
  resolved "https://nynpm.91160.com/throttle-debounce/-/throttle-debounce-1.1.0.tgz#51853da37be68a155cb6e827b3514a3c422e89cd"
  integrity sha1-UYU9o3vmihVctugns1FKPEIuic0=

to-regex-range@^5.0.1:
  version "5.0.1"
  resolved "https://nynpm.91160.com/to-regex-range/-/to-regex-range-5.0.1.tgz#1648c44aae7c8d988a326018ed72f5b4dd0392e4"
  integrity sha1-FkjESq58jZiKMmAY7XL1tN0DkuQ=
  dependencies:
    is-number "^7.0.0"

unplugin-vue-components@^0.21.2:
  version "0.21.2"
  resolved "https://nynpm.91160.com/unplugin-vue-components/-/unplugin-vue-components-0.21.2.tgz#d5b04b05e0521aa71fdfdba0b4ca392e3caa964d"
  integrity sha512-HBU+EuesDj/HRs7EtYH7gBACljVhqLylltrCLModRmCToIIrrNvMh54aylUt4AD4qiwylgOx4Vgb9sBlrIcRDw==
  dependencies:
    "@antfu/utils" "^0.5.2"
    "@rollup/pluginutils" "^4.2.1"
    chokidar "^3.5.3"
    debug "^4.3.4"
    fast-glob "^3.2.11"
    local-pkg "^0.4.2"
    magic-string "^0.26.2"
    minimatch "^5.1.0"
    resolve "^1.22.1"
    unplugin "^0.7.2"

unplugin@^0.7.2:
  version "0.7.2"
  resolved "https://nynpm.91160.com/unplugin/-/unplugin-0.7.2.tgz#4127012fdc2c84ea4ce03ce75e3d4f54ea47bba1"
  integrity sha512-m7thX4jP8l5sETpLdUASoDOGOcHaOVtgNyrYlToyQUvILUtEzEnngRBrHnAX3IKqooJVmXpoa/CwQ/QqzvGaHQ==
  dependencies:
    acorn "^8.7.1"
    chokidar "^3.5.3"
    webpack-sources "^3.2.3"
    webpack-virtual-modules "^0.4.4"

vite@^3.0.0:
  version "3.0.4"
  resolved "https://nynpm.91160.com/vite/-/vite-3.0.4.tgz#c61688d6b97573e96cf5ac25f2d68597b5ce68e8"
  integrity sha512-NU304nqnBeOx2MkQnskBQxVsa0pRAH5FphokTGmyy8M3oxbvw7qAXts2GORxs+h/2vKsD+osMhZ7An6yK6F1dA==
  dependencies:
    esbuild "^0.14.47"
    postcss "^8.4.14"
    resolve "^1.22.1"
    rollup "^2.75.6"
  optionalDependencies:
    fsevents "~2.3.2"

vue@^2.7.8:
  version "2.7.8"
  resolved "https://nynpm.91160.com/vue/-/vue-2.7.8.tgz#34e06553137611d8cecc4b0cd78b7a59f80b1299"
  integrity sha512-ncwlZx5qOcn754bCu5/tS/IWPhXHopfit79cx+uIlLMyt3vCMGcXai5yCG5y+I6cDmEj4ukRYyZail9FTQh7lQ==
  dependencies:
    "@vue/compiler-sfc" "2.7.8"
    csstype "^3.1.0"

webpack-sources@^3.2.3:
  version "3.2.3"
  resolved "https://nynpm.91160.com/webpack-sources/-/webpack-sources-3.2.3.tgz#2d4daab8451fd4b240cc27055ff6a0c2ccea0cde"
  integrity sha512-/DyMEOrDgLKKIG0fmvtz+4dUX/3Ghozwgm6iPp8KRhvn+eQf9+Q7GWxVNMk3+uCPWfdXYC4ExGBckIXdFEfH1w==

webpack-virtual-modules@^0.4.4:
  version "0.4.4"
  resolved "https://nynpm.91160.com/webpack-virtual-modules/-/webpack-virtual-modules-0.4.4.tgz#a19fcf371923c59c4712d63d7d194b1e4d8262cc"
  integrity sha512-h9atBP/bsZohWpHnr+2sic8Iecb60GxftXsWNLLLSqewgIsGzByd2gcIID4nXcG+3tNe4GQG3dLcff3kXupdRA==
